{
  "originHash" : "41dac1ff8246de271b5ea2d58fbc75a3fa46240e0209a0a379f6e99456deaa0c",
  "pins" : [
    {
      "identity" : "macfacekit",
      "kind" : "remoteSourceControl",
      "location" : "https://github.com/400faces/MacFaceKit.git",
      "state" : {
        "revision" : "d70185790db93d43711259e30fac9b18b7983fb5",
        "version" : "0.2.0"
      }
    }
  ],
  "version" : 3
}
