{
  "originHash" : "41dac1ff8246de271b5ea2d58fbc75a3fa46240e0209a0a379f6e99456deaa0c",
  "pins" : [
    {
      "identity" : "macfacekit",
      "kind" : "remoteSourceControl",
      "location" : "https://github.com/400faces/MacFaceKit.git",
      "state" : {
        "revision" : "ea9d6c6737612365001b78f6845ddbaee51d355a",
        "version" : "0.3.0"
      }
    }
  ],
  "version" : 3
}
