{
  "originHash" : "41dac1ff8246de271b5ea2d58fbc75a3fa46240e0209a0a379f6e99456deaa0c",
  "pins" : [
    {
      "identity" : "macfacekit",
      "kind" : "remoteSourceControl",
      "location" : "https://github.com/400faces/MacFaceKit.git",
      "state" : {
        "revision" : "2153931cbbfbc75d4394b9ecabc1e6de68cacc6a",
        "version" : "0.3.2"
      }
    }
  ],
  "version" : 3
}
